
Microsoft Visual Studio Solution File, Format Version 12.00
# Visual Studio Version 17
VisualStudioVersion = 17.0.32112.339
MinimumVisualStudioVersion = 10.0.40219.1
Project("{2150E333-8FDC-42A3-9474-1A3956D46DE8}") = "src", "src", "{05A49527-7EC8-49E2-B6ED-C6383FFEE7C7}"
EndProject
Project("{2150E333-8FDC-42A3-9474-1A3956D46DE8}") = "Services", "Services", "{97429DCB-4EB8-4362-B10A-99A41D0A4D6E}"
EndProject
Project("{2150E333-8FDC-42A3-9474-1A3956D46DE8}") = "Basket", "Basket", "{B69C6DC8-C768-4E88-9F8B-2EDEA66B9FEA}"
EndProject
Project("{2150E333-8FDC-42A3-9474-1A3956D46DE8}") = "Catalog", "Catalog", "{AE3E8B28-79CD-41F6-B0C9-62740384D03B}"
EndProject
Project("{2150E333-8FDC-42A3-9474-1A3956D46DE8}") = "Identity", "Identity", "{339253A2-D336-46C0-B613-7FEF4951F838}"
EndProject
Project("{2150E333-8FDC-42A3-9474-1A3956D46DE8}") = "Ordering", "Ordering", "{F42067C2-1761-4E6A-BB59-2125E44FDAC5}"
EndProject
Project("{2150E333-8FDC-42A3-9474-1A3956D46DE8}") = "Payment", "Payment", "{8E26D224-B16F-4915-92CC-BD8AE94CE505}"
EndProject
Project("{2150E333-8FDC-42A3-9474-1A3956D46DE8}") = "Webhooks", "Webhooks", "{3C335570-7847-47A7-BB92-8DA233B59E8A}"
EndProject
Project("{FAE04EC0-301F-11D3-BF4B-00C04F79EFBC}") = "Basket.API", "src\Services\Basket\Basket.API\Basket.API.csproj", "{308777DB-46C5-44AA-A70A-B8BDCF450D70}"
EndProject
Project("{FAE04EC0-301F-11D3-BF4B-00C04F79EFBC}") = "Catalog.API", "src\Services\Catalog\Catalog.API\Catalog.API.csproj", "{E14C7555-7BC4-4C73-A0D7-8164394C3701}"
EndProject
Project("{FAE04EC0-301F-11D3-BF4B-00C04F79EFBC}") = "Identity.API", "src\Services\Identity\Identity.API\Identity.API.csproj", "{8FC82BE5-750E-4B60-977C-C07A27DE4368}"
EndProject
Project("{FAE04EC0-301F-11D3-BF4B-00C04F79EFBC}") = "Ordering.API", "src\Services\Ordering\Ordering.API\Ordering.API.csproj", "{1F33F19D-F86B-49B2-B87F-0817AF9EF51C}"
EndProject
Project("{FAE04EC0-301F-11D3-BF4B-00C04F79EFBC}") = "Payment.API", "src\Services\Payment\Payment.API\Payment.API.csproj", "{026351C1-19B4-42B6-91E4-E415B1A70B9D}"
EndProject
Project("{FAE04EC0-301F-11D3-BF4B-00C04F79EFBC}") = "Webhooks.API", "src\Services\Webhooks\Webhooks.API\Webhooks.API.csproj", "{334F17AC-6C3B-4791-8E0E-02A52E8A6293}"
EndProject
Project("{2150E333-8FDC-42A3-9474-1A3956D46DE8}") = "ApiGateways", "ApiGateways", "{FA4F632F-7789-4E14-B963-FB22432AF535}"
EndProject
Global
	GlobalSection(SolutionConfigurationPlatforms) = preSolution
		Debug|Any CPU = Debug|Any CPU
		Release|Any CPU = Release|Any CPU
	EndGlobalSection
	GlobalSection(ProjectConfigurationPlatforms) = postSolution
		{308777DB-46C5-44AA-A70A-B8BDCF450D70}.Debug|Any CPU.ActiveCfg = Debug|Any CPU
		{308777DB-46C5-44AA-A70A-B8BDCF450D70}.Debug|Any CPU.Build.0 = Debug|Any CPU
		{308777DB-46C5-44AA-A70A-B8BDCF450D70}.Release|Any CPU.ActiveCfg = Release|Any CPU
		{308777DB-46C5-44AA-A70A-B8BDCF450D70}.Release|Any CPU.Build.0 = Release|Any CPU
		{E14C7555-7BC4-4C73-A0D7-8164394C3701}.Debug|Any CPU.ActiveCfg = Debug|Any CPU
		{E14C7555-7BC4-4C73-A0D7-8164394C3701}.Debug|Any CPU.Build.0 = Debug|Any CPU
		{E14C7555-7BC4-4C73-A0D7-8164394C3701}.Release|Any CPU.ActiveCfg = Release|Any CPU
		{E14C7555-7BC4-4C73-A0D7-8164394C3701}.Release|Any CPU.Build.0 = Release|Any CPU
		{8FC82BE5-750E-4B60-977C-C07A27DE4368}.Debug|Any CPU.ActiveCfg = Debug|Any CPU
		{8FC82BE5-750E-4B60-977C-C07A27DE4368}.Debug|Any CPU.Build.0 = Debug|Any CPU
		{8FC82BE5-750E-4B60-977C-C07A27DE4368}.Release|Any CPU.ActiveCfg = Release|Any CPU
		{8FC82BE5-750E-4B60-977C-C07A27DE4368}.Release|Any CPU.Build.0 = Release|Any CPU
		{1F33F19D-F86B-49B2-B87F-0817AF9EF51C}.Debug|Any CPU.ActiveCfg = Debug|Any CPU
		{1F33F19D-F86B-49B2-B87F-0817AF9EF51C}.Debug|Any CPU.Build.0 = Debug|Any CPU
		{1F33F19D-F86B-49B2-B87F-0817AF9EF51C}.Release|Any CPU.ActiveCfg = Release|Any CPU
		{1F33F19D-F86B-49B2-B87F-0817AF9EF51C}.Release|Any CPU.Build.0 = Release|Any CPU
		{026351C1-19B4-42B6-91E4-E415B1A70B9D}.Debug|Any CPU.ActiveCfg = Debug|Any CPU
		{026351C1-19B4-42B6-91E4-E415B1A70B9D}.Debug|Any CPU.Build.0 = Debug|Any CPU
		{026351C1-19B4-42B6-91E4-E415B1A70B9D}.Release|Any CPU.ActiveCfg = Release|Any CPU
		{026351C1-19B4-42B6-91E4-E415B1A70B9D}.Release|Any CPU.Build.0 = Release|Any CPU
		{334F17AC-6C3B-4791-8E0E-02A52E8A6293}.Debug|Any CPU.ActiveCfg = Debug|Any CPU
		{334F17AC-6C3B-4791-8E0E-02A52E8A6293}.Debug|Any CPU.Build.0 = Debug|Any CPU
		{334F17AC-6C3B-4791-8E0E-02A52E8A6293}.Release|Any CPU.ActiveCfg = Release|Any CPU
		{334F17AC-6C3B-4791-8E0E-02A52E8A6293}.Release|Any CPU.Build.0 = Release|Any CPU
	EndGlobalSection
	GlobalSection(SolutionProperties) = preSolution
		HideSolutionNode = FALSE
	EndGlobalSection
	GlobalSection(NestedProjects) = preSolution
		{97429DCB-4EB8-4362-B10A-99A41D0A4D6E} = {05A49527-7EC8-49E2-B6ED-C6383FFEE7C7}
		{B69C6DC8-C768-4E88-9F8B-2EDEA66B9FEA} = {97429DCB-4EB8-4362-B10A-99A41D0A4D6E}
		{AE3E8B28-79CD-41F6-B0C9-62740384D03B} = {97429DCB-4EB8-4362-B10A-99A41D0A4D6E}
		{339253A2-D336-46C0-B613-7FEF4951F838} = {97429DCB-4EB8-4362-B10A-99A41D0A4D6E}
		{F42067C2-1761-4E6A-BB59-2125E44FDAC5} = {97429DCB-4EB8-4362-B10A-99A41D0A4D6E}
		{8E26D224-B16F-4915-92CC-BD8AE94CE505} = {97429DCB-4EB8-4362-B10A-99A41D0A4D6E}
		{3C335570-7847-47A7-BB92-8DA233B59E8A} = {97429DCB-4EB8-4362-B10A-99A41D0A4D6E}
		{308777DB-46C5-44AA-A70A-B8BDCF450D70} = {B69C6DC8-C768-4E88-9F8B-2EDEA66B9FEA}
		{E14C7555-7BC4-4C73-A0D7-8164394C3701} = {AE3E8B28-79CD-41F6-B0C9-62740384D03B}
		{8FC82BE5-750E-4B60-977C-C07A27DE4368} = {339253A2-D336-46C0-B613-7FEF4951F838}
		{1F33F19D-F86B-49B2-B87F-0817AF9EF51C} = {F42067C2-1761-4E6A-BB59-2125E44FDAC5}
		{026351C1-19B4-42B6-91E4-E415B1A70B9D} = {8E26D224-B16F-4915-92CC-BD8AE94CE505}
		{334F17AC-6C3B-4791-8E0E-02A52E8A6293} = {3C335570-7847-47A7-BB92-8DA233B59E8A}
		{FA4F632F-7789-4E14-B963-FB22432AF535} = {05A49527-7EC8-49E2-B6ED-C6383FFEE7C7}
	EndGlobalSection
	GlobalSection(ExtensibilityGlobals) = postSolution
		SolutionGuid = {270A654F-4813-4EB8-8E89-D7F6A452E95A}
	EndGlobalSection
EndGlobal
